
Microsoft Visual Studio Solution File, Format Version 12.00
# Visual Studio Version 17
VisualStudioVersion = 17.14.36212.18
MinimumVisualStudioVersion = 10.0.40219.1
Project("{FAE04EC0-301F-11D3-BF4B-00C04F79EFBC}") = "BlazorAppAuth", "BlazorAppAuth\BlazorAppAuth.csproj", "{975AF989-FDD6-4B6F-9135-7A4A77046FEB}"
EndProject
Global
	GlobalSection(SolutionConfigurationPlatforms) = preSolution
		Debug|Any CPU = Debug|Any CPU
		Release|Any CPU = Release|Any CPU
	EndGlobalSection
	GlobalSection(ProjectConfigurationPlatforms) = postSolution
		{975AF989-FDD6-4B6F-9135-7A4A77046FEB}.Debug|Any CPU.ActiveCfg = Debug|Any CPU
		{975AF989-FDD6-4B6F-9135-7A4A77046FEB}.Debug|Any CPU.Build.0 = Debug|Any CPU
		{975AF989-FDD6-4B6F-9135-7A4A77046FEB}.Release|Any CPU.ActiveCfg = Release|Any CPU
		{975AF989-FDD6-4B6F-9135-7A4A77046FEB}.Release|Any CPU.Build.0 = Release|Any CPU
	EndGlobalSection
	GlobalSection(SolutionProperties) = preSolution
		HideSolutionNode = FALSE
	EndGlobalSection
	GlobalSection(ExtensibilityGlobals) = postSolution
		SolutionGuid = {50BC5D46-8168-48CD-B884-1E57038D8A69}
	EndGlobalSection
EndGlobal
